
Microsoft Visual Studio Solution File, Format Version 12.00
# Visual Studio Version 16
VisualStudioVersion = 16.0.33423.256
MinimumVisualStudioVersion = 10.0.40219.1
Project("{FAE04EC0-301F-11D3-BF4B-00C04F79EFBC}") = "19Lämpötila_muunnin", "19Lämpötila_muunnin\19Lämpötila_muunnin.csproj", "{B9A9DA72-D36D-4787-A135-CD0CE8D97866}"
EndProject
Global
	GlobalSection(SolutionConfigurationPlatforms) = preSolution
		Debug|Any CPU = Debug|Any CPU
		Release|Any CPU = Release|Any CPU
	EndGlobalSection
	GlobalSection(ProjectConfigurationPlatforms) = postSolution
		{B9A9DA72-D36D-4787-A135-CD0CE8D97866}.Debug|Any CPU.ActiveCfg = Debug|Any CPU
		{B9A9DA72-D36D-4787-A135-CD0CE8D97866}.Debug|Any CPU.Build.0 = Debug|Any CPU
		{B9A9DA72-D36D-4787-A135-CD0CE8D97866}.Release|Any CPU.ActiveCfg = Release|Any CPU
		{B9A9DA72-D36D-4787-A135-CD0CE8D97866}.Release|Any CPU.Build.0 = Release|Any CPU
	EndGlobalSection
	GlobalSection(SolutionProperties) = preSolution
		HideSolutionNode = FALSE
	EndGlobalSection
	GlobalSection(ExtensibilityGlobals) = postSolution
		SolutionGuid = {DC58D0FE-BF95-42B3-A848-45937F2E17AF}
	EndGlobalSection
EndGlobal
