
Microsoft Visual Studio Solution File, Format Version 12.00
# Visual Studio Version 16
VisualStudioVersion = 16.0.33423.256
MinimumVisualStudioVersion = 10.0.40219.1
Project("{FAE04EC0-301F-11D3-BF4B-00C04F79EFBC}") = "Harjoitus26", "Harjoitus26\Harjoitus26.csproj", "{999B347C-7ABD-4977-8E42-64BE9AC61BAF}"
EndProject
Global
	GlobalSection(SolutionConfigurationPlatforms) = preSolution
		Debug|Any CPU = Debug|Any CPU
		Release|Any CPU = Release|Any CPU
	EndGlobalSection
	GlobalSection(ProjectConfigurationPlatforms) = postSolution
		{999B347C-7ABD-4977-8E42-64BE9AC61BAF}.Debug|Any CPU.ActiveCfg = Debug|Any CPU
		{999B347C-7ABD-4977-8E42-64BE9AC61BAF}.Debug|Any CPU.Build.0 = Debug|Any CPU
		{999B347C-7ABD-4977-8E42-64BE9AC61BAF}.Release|Any CPU.ActiveCfg = Release|Any CPU
		{999B347C-7ABD-4977-8E42-64BE9AC61BAF}.Release|Any CPU.Build.0 = Release|Any CPU
	EndGlobalSection
	GlobalSection(SolutionProperties) = preSolution
		HideSolutionNode = FALSE
	EndGlobalSection
	GlobalSection(ExtensibilityGlobals) = postSolution
		SolutionGuid = {BD3F142E-6B9B-4032-8C52-8980346FB939}
	EndGlobalSection
EndGlobal
