
Microsoft Visual Studio Solution File, Format Version 12.00
# Visual Studio Version 16
VisualStudioVersion = 16.0.33423.256
MinimumVisualStudioVersion = 10.0.40219.1
Project("{FAE04EC0-301F-11D3-BF4B-00C04F79EFBC}") = "TutorialYoutube", "TutorialYoutube\TutorialYoutube.csproj", "{A9C8B332-6D38-4931-95F9-B23F9B52044F}"
EndProject
Global
	GlobalSection(SolutionConfigurationPlatforms) = preSolution
		Debug|Any CPU = Debug|Any CPU
		Release|Any CPU = Release|Any CPU
	EndGlobalSection
	GlobalSection(ProjectConfigurationPlatforms) = postSolution
		{A9C8B332-6D38-4931-95F9-B23F9B52044F}.Debug|Any CPU.ActiveCfg = Debug|Any CPU
		{A9C8B332-6D38-4931-95F9-B23F9B52044F}.Debug|Any CPU.Build.0 = Debug|Any CPU
		{A9C8B332-6D38-4931-95F9-B23F9B52044F}.Release|Any CPU.ActiveCfg = Release|Any CPU
		{A9C8B332-6D38-4931-95F9-B23F9B52044F}.Release|Any CPU.Build.0 = Release|Any CPU
	EndGlobalSection
	GlobalSection(SolutionProperties) = preSolution
		HideSolutionNode = FALSE
	EndGlobalSection
	GlobalSection(ExtensibilityGlobals) = postSolution
		SolutionGuid = {7012CABC-149F-43B0-BA46-C8F6052F2143}
	EndGlobalSection
EndGlobal
