
Microsoft Visual Studio Solution File, Format Version 12.00
# Visual Studio Version 16
VisualStudioVersion = 16.0.33423.256
MinimumVisualStudioVersion = 10.0.40219.1
Project("{FAE04EC0-301F-11D3-BF4B-00C04F79EFBC}") = "Day10", "Day10\Day10.csproj", "{AFAB775D-3F04-4818-A453-401C82D8DCCD}"
EndProject
Global
	GlobalSection(SolutionConfigurationPlatforms) = preSolution
		Debug|Any CPU = Debug|Any CPU
		Release|Any CPU = Release|Any CPU
	EndGlobalSection
	GlobalSection(ProjectConfigurationPlatforms) = postSolution
		{AFAB775D-3F04-4818-A453-401C82D8DCCD}.Debug|Any CPU.ActiveCfg = Debug|Any CPU
		{AFAB775D-3F04-4818-A453-401C82D8DCCD}.Debug|Any CPU.Build.0 = Debug|Any CPU
		{AFAB775D-3F04-4818-A453-401C82D8DCCD}.Release|Any CPU.ActiveCfg = Release|Any CPU
		{AFAB775D-3F04-4818-A453-401C82D8DCCD}.Release|Any CPU.Build.0 = Release|Any CPU
	EndGlobalSection
	GlobalSection(SolutionProperties) = preSolution
		HideSolutionNode = FALSE
	EndGlobalSection
	GlobalSection(ExtensibilityGlobals) = postSolution
		SolutionGuid = {18EBE5A8-747A-462E-81B0-18A6E7F4EF98}
	EndGlobalSection
EndGlobal
