
Microsoft Visual Studio Solution File, Format Version 12.00
# Visual Studio Version 16
VisualStudioVersion = 16.0.33423.256
MinimumVisualStudioVersion = 10.0.40219.1
Project("{FAE04EC0-301F-11D3-BF4B-00C04F79EFBC}") = "Palkanlasku", "Palkanlasku\Palkanlasku.csproj", "{68E24714-DB4A-495F-AD21-208FF8227FBD}"
EndProject
Global
	GlobalSection(SolutionConfigurationPlatforms) = preSolution
		Debug|Any CPU = Debug|Any CPU
		Release|Any CPU = Release|Any CPU
	EndGlobalSection
	GlobalSection(ProjectConfigurationPlatforms) = postSolution
		{68E24714-DB4A-495F-AD21-208FF8227FBD}.Debug|Any CPU.ActiveCfg = Debug|Any CPU
		{68E24714-DB4A-495F-AD21-208FF8227FBD}.Debug|Any CPU.Build.0 = Debug|Any CPU
		{68E24714-DB4A-495F-AD21-208FF8227FBD}.Release|Any CPU.ActiveCfg = Release|Any CPU
		{68E24714-DB4A-495F-AD21-208FF8227FBD}.Release|Any CPU.Build.0 = Release|Any CPU
	EndGlobalSection
	GlobalSection(SolutionProperties) = preSolution
		HideSolutionNode = FALSE
	EndGlobalSection
	GlobalSection(ExtensibilityGlobals) = postSolution
		SolutionGuid = {C0FFF79B-1B9E-4441-B1AB-087DAAC928DA}
	EndGlobalSection
EndGlobal
