
Microsoft Visual Studio Solution File, Format Version 12.00
# Visual Studio Version 16
VisualStudioVersion = 16.0.33423.256
MinimumVisualStudioVersion = 10.0.40219.1
Project("{FAE04EC0-301F-11D3-BF4B-00C04F79EFBC}") = "Harjoitus27", "Harjoitus27\Harjoitus27.csproj", "{4FC1EC5A-AC6B-4DCE-98D8-3DEFE3A8E9FF}"
EndProject
Global
	GlobalSection(SolutionConfigurationPlatforms) = preSolution
		Debug|Any CPU = Debug|Any CPU
		Release|Any CPU = Release|Any CPU
	EndGlobalSection
	GlobalSection(ProjectConfigurationPlatforms) = postSolution
		{4FC1EC5A-AC6B-4DCE-98D8-3DEFE3A8E9FF}.Debug|Any CPU.ActiveCfg = Debug|Any CPU
		{4FC1EC5A-AC6B-4DCE-98D8-3DEFE3A8E9FF}.Debug|Any CPU.Build.0 = Debug|Any CPU
		{4FC1EC5A-AC6B-4DCE-98D8-3DEFE3A8E9FF}.Release|Any CPU.ActiveCfg = Release|Any CPU
		{4FC1EC5A-AC6B-4DCE-98D8-3DEFE3A8E9FF}.Release|Any CPU.Build.0 = Release|Any CPU
	EndGlobalSection
	GlobalSection(SolutionProperties) = preSolution
		HideSolutionNode = FALSE
	EndGlobalSection
	GlobalSection(ExtensibilityGlobals) = postSolution
		SolutionGuid = {ED689C79-4195-496E-84F1-89C1619EBBA7}
	EndGlobalSection
EndGlobal
