
Microsoft Visual Studio Solution File, Format Version 12.00
# Visual Studio Version 16
VisualStudioVersion = 16.0.33423.256
MinimumVisualStudioVersion = 10.0.40219.1
Project("{FAE04EC0-301F-11D3-BF4B-00C04F79EFBC}") = "YoutubeCtuto", "YoutubeCtuto\YoutubeCtuto.csproj", "{47725518-C080-4B52-8EED-F8A843A0CC7B}"
EndProject
Global
	GlobalSection(SolutionConfigurationPlatforms) = preSolution
		Debug|Any CPU = Debug|Any CPU
		Release|Any CPU = Release|Any CPU
	EndGlobalSection
	GlobalSection(ProjectConfigurationPlatforms) = postSolution
		{47725518-C080-4B52-8EED-F8A843A0CC7B}.Debug|Any CPU.ActiveCfg = Debug|Any CPU
		{47725518-C080-4B52-8EED-F8A843A0CC7B}.Debug|Any CPU.Build.0 = Debug|Any CPU
		{47725518-C080-4B52-8EED-F8A843A0CC7B}.Release|Any CPU.ActiveCfg = Release|Any CPU
		{47725518-C080-4B52-8EED-F8A843A0CC7B}.Release|Any CPU.Build.0 = Release|Any CPU
	EndGlobalSection
	GlobalSection(SolutionProperties) = preSolution
		HideSolutionNode = FALSE
	EndGlobalSection
	GlobalSection(ExtensibilityGlobals) = postSolution
		SolutionGuid = {F0E8655F-6356-4517-8A87-F6D89A7E8D0B}
	EndGlobalSection
EndGlobal
