
Microsoft Visual Studio Solution File, Format Version 12.00
# Visual Studio Version 16
VisualStudioVersion = 16.0.33423.256
MinimumVisualStudioVersion = 10.0.40219.1
Project("{FAE04EC0-301F-11D3-BF4B-00C04F79EFBC}") = "CsharpBensankulutus", "CsharpBensankulutus\CsharpBensankulutus.csproj", "{70AAA46D-7F6D-4696-BB0B-38A304571162}"
EndProject
Global
	GlobalSection(SolutionConfigurationPlatforms) = preSolution
		Debug|Any CPU = Debug|Any CPU
		Release|Any CPU = Release|Any CPU
	EndGlobalSection
	GlobalSection(ProjectConfigurationPlatforms) = postSolution
		{70AAA46D-7F6D-4696-BB0B-38A304571162}.Debug|Any CPU.ActiveCfg = Debug|Any CPU
		{70AAA46D-7F6D-4696-BB0B-38A304571162}.Debug|Any CPU.Build.0 = Debug|Any CPU
		{70AAA46D-7F6D-4696-BB0B-38A304571162}.Release|Any CPU.ActiveCfg = Release|Any CPU
		{70AAA46D-7F6D-4696-BB0B-38A304571162}.Release|Any CPU.Build.0 = Release|Any CPU
	EndGlobalSection
	GlobalSection(SolutionProperties) = preSolution
		HideSolutionNode = FALSE
	EndGlobalSection
	GlobalSection(ExtensibilityGlobals) = postSolution
		SolutionGuid = {1A504C64-4CC6-4ECD-B33C-DA38DA2580F5}
	EndGlobalSection
EndGlobal
