
Microsoft Visual Studio Solution File, Format Version 12.00
# Visual Studio Version 16
VisualStudioVersion = 16.0.33423.256
MinimumVisualStudioVersion = 10.0.40219.1
Project("{FAE04EC0-301F-11D3-BF4B-00C04F79EFBC}") = "Verolaskuri", "Verolaskuri\Verolaskuri.csproj", "{6CE7F414-41CA-48C0-AB9B-37B0029BC6D5}"
EndProject
Global
	GlobalSection(SolutionConfigurationPlatforms) = preSolution
		Debug|Any CPU = Debug|Any CPU
		Release|Any CPU = Release|Any CPU
	EndGlobalSection
	GlobalSection(ProjectConfigurationPlatforms) = postSolution
		{6CE7F414-41CA-48C0-AB9B-37B0029BC6D5}.Debug|Any CPU.ActiveCfg = Debug|Any CPU
		{6CE7F414-41CA-48C0-AB9B-37B0029BC6D5}.Debug|Any CPU.Build.0 = Debug|Any CPU
		{6CE7F414-41CA-48C0-AB9B-37B0029BC6D5}.Release|Any CPU.ActiveCfg = Release|Any CPU
		{6CE7F414-41CA-48C0-AB9B-37B0029BC6D5}.Release|Any CPU.Build.0 = Release|Any CPU
	EndGlobalSection
	GlobalSection(SolutionProperties) = preSolution
		HideSolutionNode = FALSE
	EndGlobalSection
	GlobalSection(ExtensibilityGlobals) = postSolution
		SolutionGuid = {E7275154-F169-4621-895C-C9604F4DD3A1}
	EndGlobalSection
EndGlobal
